
Microsoft Visual Studio Solution File, Format Version 12.00
# Visual Studio Version 16
VisualStudioVersion = 16.0.30621.155
MinimumVisualStudioVersion = 10.0.40219.1
Project("{9A19103F-16F7-4668-BE54-9A1E7A4F7556}") = "APIGateway", "APIGateway\APIGateway.csproj", "{DB1D9210-54B6-43A2-A7F9-AD56F84290A2}"
EndProject
Project("{2150E333-8FDC-42A3-9474-1A3956D46DE8}") = "Services", "Services", "{47E0DE68-7D07-4101-85D3-F72ABA47ED9A}"
EndProject
Project("{9A19103F-16F7-4668-BE54-9A1E7A4F7556}") = "Contact.API", "Services\ContactAPI\Contact.API\Contact.API.csproj", "{7DED33AB-2852-4ADD-AB07-400CB039CCDA}"
EndProject
Project("{9A19103F-16F7-4668-BE54-9A1E7A4F7556}") = "Reservation.API", "Services\ResAPI\Reservation.API\Reservation.API.csproj", "{772CFF2E-11AA-43CD-86EB-0F363211A3AC}"
EndProject
Project("{2150E333-8FDC-42A3-9474-1A3956D46DE8}") = "ContactAPI", "ContactAPI", "{9B7C90E4-BA46-4D16-AF9E-50F1FF7AD7F7}"
EndProject
Project("{2150E333-8FDC-42A3-9474-1A3956D46DE8}") = "ReservationAPI", "ReservationAPI", "{ABDAB857-3A9E-4BDA-84EF-B4D05AD85DBC}"
EndProject
Project("{9A19103F-16F7-4668-BE54-9A1E7A4F7556}") = "Contact.API.Infastructure", "Services\ContactAPI\Contact.API.Infastructure\Contact.API.Infastructure.csproj", "{F5125C9D-47C7-4F1A-96BC-E686772E5A06}"
EndProject
Project("{9A19103F-16F7-4668-BE54-9A1E7A4F7556}") = "Contact.API.Models", "Services\ContactAPI\Contact.API.Models\Contact.API.Models.csproj", "{57DC846D-0B43-47E0-B241-B0C289640120}"
EndProject
Project("{9A19103F-16F7-4668-BE54-9A1E7A4F7556}") = "Contact.API.Services", "Services\ContactAPI\Contact.API.Services\Contact.API.Services.csproj", "{6821F9AC-DB00-4B98-BE01-804AB0CF8768}"
EndProject
Project("{9A19103F-16F7-4668-BE54-9A1E7A4F7556}") = "Reservation.API.Infastructure", "Services\ResAPI\Reservation.Infastructure\Reservation.API.Infastructure.csproj", "{3F464AA9-FD40-40F8-849D-BA1EDDC58FCF}"
EndProject
Project("{9A19103F-16F7-4668-BE54-9A1E7A4F7556}") = "Reservation.API.Models", "Services\ResAPI\Reservation.API.Models\Reservation.API.Models.csproj", "{C9BBB96B-2772-4FCB-96E6-9A92B9E8AB8B}"
EndProject
Project("{9A19103F-16F7-4668-BE54-9A1E7A4F7556}") = "Reservation.API.Services", "Services\ResAPI\Reservation.API.Services\Reservation.API.Services.csproj", "{07F5202F-8A5F-4886-ACB9-8F5C1B7E00F6}"
EndProject
Project("{2150E333-8FDC-42A3-9474-1A3956D46DE8}") = "Solution Items", "Solution Items", "{CD2C52C4-4401-48A2-A37A-CAADCA53C4C8}"
	ProjectSection(SolutionItems) = preProject
		docker-compose.yml = docker-compose.yml
	EndProjectSection
EndProject
Global
	GlobalSection(SolutionConfigurationPlatforms) = preSolution
		Debug|Any CPU = Debug|Any CPU
		Release|Any CPU = Release|Any CPU
	EndGlobalSection
	GlobalSection(ProjectConfigurationPlatforms) = postSolution
		{DB1D9210-54B6-43A2-A7F9-AD56F84290A2}.Debug|Any CPU.ActiveCfg = Debug|Any CPU
		{DB1D9210-54B6-43A2-A7F9-AD56F84290A2}.Debug|Any CPU.Build.0 = Debug|Any CPU
		{DB1D9210-54B6-43A2-A7F9-AD56F84290A2}.Release|Any CPU.ActiveCfg = Release|Any CPU
		{DB1D9210-54B6-43A2-A7F9-AD56F84290A2}.Release|Any CPU.Build.0 = Release|Any CPU
		{7DED33AB-2852-4ADD-AB07-400CB039CCDA}.Debug|Any CPU.ActiveCfg = Debug|Any CPU
		{7DED33AB-2852-4ADD-AB07-400CB039CCDA}.Debug|Any CPU.Build.0 = Debug|Any CPU
		{7DED33AB-2852-4ADD-AB07-400CB039CCDA}.Release|Any CPU.ActiveCfg = Release|Any CPU
		{7DED33AB-2852-4ADD-AB07-400CB039CCDA}.Release|Any CPU.Build.0 = Release|Any CPU
		{772CFF2E-11AA-43CD-86EB-0F363211A3AC}.Debug|Any CPU.ActiveCfg = Debug|Any CPU
		{772CFF2E-11AA-43CD-86EB-0F363211A3AC}.Debug|Any CPU.Build.0 = Debug|Any CPU
		{772CFF2E-11AA-43CD-86EB-0F363211A3AC}.Release|Any CPU.ActiveCfg = Release|Any CPU
		{772CFF2E-11AA-43CD-86EB-0F363211A3AC}.Release|Any CPU.Build.0 = Release|Any CPU
		{F5125C9D-47C7-4F1A-96BC-E686772E5A06}.Debug|Any CPU.ActiveCfg = Debug|Any CPU
		{F5125C9D-47C7-4F1A-96BC-E686772E5A06}.Debug|Any CPU.Build.0 = Debug|Any CPU
		{F5125C9D-47C7-4F1A-96BC-E686772E5A06}.Release|Any CPU.ActiveCfg = Release|Any CPU
		{F5125C9D-47C7-4F1A-96BC-E686772E5A06}.Release|Any CPU.Build.0 = Release|Any CPU
		{57DC846D-0B43-47E0-B241-B0C289640120}.Debug|Any CPU.ActiveCfg = Debug|Any CPU
		{57DC846D-0B43-47E0-B241-B0C289640120}.Debug|Any CPU.Build.0 = Debug|Any CPU
		{57DC846D-0B43-47E0-B241-B0C289640120}.Release|Any CPU.ActiveCfg = Release|Any CPU
		{57DC846D-0B43-47E0-B241-B0C289640120}.Release|Any CPU.Build.0 = Release|Any CPU
		{6821F9AC-DB00-4B98-BE01-804AB0CF8768}.Debug|Any CPU.ActiveCfg = Debug|Any CPU
		{6821F9AC-DB00-4B98-BE01-804AB0CF8768}.Debug|Any CPU.Build.0 = Debug|Any CPU
		{6821F9AC-DB00-4B98-BE01-804AB0CF8768}.Release|Any CPU.ActiveCfg = Release|Any CPU
		{6821F9AC-DB00-4B98-BE01-804AB0CF8768}.Release|Any CPU.Build.0 = Release|Any CPU
		{3F464AA9-FD40-40F8-849D-BA1EDDC58FCF}.Debug|Any CPU.ActiveCfg = Debug|Any CPU
		{3F464AA9-FD40-40F8-849D-BA1EDDC58FCF}.Debug|Any CPU.Build.0 = Debug|Any CPU
		{3F464AA9-FD40-40F8-849D-BA1EDDC58FCF}.Release|Any CPU.ActiveCfg = Release|Any CPU
		{3F464AA9-FD40-40F8-849D-BA1EDDC58FCF}.Release|Any CPU.Build.0 = Release|Any CPU
		{C9BBB96B-2772-4FCB-96E6-9A92B9E8AB8B}.Debug|Any CPU.ActiveCfg = Debug|Any CPU
		{C9BBB96B-2772-4FCB-96E6-9A92B9E8AB8B}.Debug|Any CPU.Build.0 = Debug|Any CPU
		{C9BBB96B-2772-4FCB-96E6-9A92B9E8AB8B}.Release|Any CPU.ActiveCfg = Release|Any CPU
		{C9BBB96B-2772-4FCB-96E6-9A92B9E8AB8B}.Release|Any CPU.Build.0 = Release|Any CPU
		{07F5202F-8A5F-4886-ACB9-8F5C1B7E00F6}.Debug|Any CPU.ActiveCfg = Debug|Any CPU
		{07F5202F-8A5F-4886-ACB9-8F5C1B7E00F6}.Debug|Any CPU.Build.0 = Debug|Any CPU
		{07F5202F-8A5F-4886-ACB9-8F5C1B7E00F6}.Release|Any CPU.ActiveCfg = Release|Any CPU
		{07F5202F-8A5F-4886-ACB9-8F5C1B7E00F6}.Release|Any CPU.Build.0 = Release|Any CPU
	EndGlobalSection
	GlobalSection(SolutionProperties) = preSolution
		HideSolutionNode = FALSE
	EndGlobalSection
	GlobalSection(NestedProjects) = preSolution
		{7DED33AB-2852-4ADD-AB07-400CB039CCDA} = {9B7C90E4-BA46-4D16-AF9E-50F1FF7AD7F7}
		{772CFF2E-11AA-43CD-86EB-0F363211A3AC} = {ABDAB857-3A9E-4BDA-84EF-B4D05AD85DBC}
		{9B7C90E4-BA46-4D16-AF9E-50F1FF7AD7F7} = {47E0DE68-7D07-4101-85D3-F72ABA47ED9A}
		{ABDAB857-3A9E-4BDA-84EF-B4D05AD85DBC} = {47E0DE68-7D07-4101-85D3-F72ABA47ED9A}
		{F5125C9D-47C7-4F1A-96BC-E686772E5A06} = {9B7C90E4-BA46-4D16-AF9E-50F1FF7AD7F7}
		{57DC846D-0B43-47E0-B241-B0C289640120} = {9B7C90E4-BA46-4D16-AF9E-50F1FF7AD7F7}
		{6821F9AC-DB00-4B98-BE01-804AB0CF8768} = {9B7C90E4-BA46-4D16-AF9E-50F1FF7AD7F7}
		{3F464AA9-FD40-40F8-849D-BA1EDDC58FCF} = {ABDAB857-3A9E-4BDA-84EF-B4D05AD85DBC}
		{C9BBB96B-2772-4FCB-96E6-9A92B9E8AB8B} = {ABDAB857-3A9E-4BDA-84EF-B4D05AD85DBC}
		{07F5202F-8A5F-4886-ACB9-8F5C1B7E00F6} = {ABDAB857-3A9E-4BDA-84EF-B4D05AD85DBC}
	EndGlobalSection
	GlobalSection(ExtensibilityGlobals) = postSolution
		SolutionGuid = {9A4982A9-485D-442F-8F43-0B8DBC926004}
	EndGlobalSection
EndGlobal
